
Microsoft Visual Studio Solution File, Format Version 12.00
# Visual Studio 15
VisualStudioVersion = 15.0.28307.136
MinimumVisualStudioVersion = 10.0.40219.1
Project("{FAE04EC0-301F-11D3-BF4B-00C04F79EFBC}") = "RockPaperScissorsGame", "RockPaperScissorsGame\RockPaperScissorsGame.csproj", "{C9DF68E4-E6AA-48B1-B570-E079922D198C}"
EndProject
Global
	GlobalSection(SolutionConfigurationPlatforms) = preSolution
		Debug|Any CPU = Debug|Any CPU
		Release|Any CPU = Release|Any CPU
	EndGlobalSection
	GlobalSection(ProjectConfigurationPlatforms) = postSolution
		{C9DF68E4-E6AA-48B1-B570-E079922D198C}.Debug|Any CPU.ActiveCfg = Debug|Any CPU
		{C9DF68E4-E6AA-48B1-B570-E079922D198C}.Debug|Any CPU.Build.0 = Debug|Any CPU
		{C9DF68E4-E6AA-48B1-B570-E079922D198C}.Release|Any CPU.ActiveCfg = Release|Any CPU
		{C9DF68E4-E6AA-48B1-B570-E079922D198C}.Release|Any CPU.Build.0 = Release|Any CPU
	EndGlobalSection
	GlobalSection(SolutionProperties) = preSolution
		HideSolutionNode = FALSE
	EndGlobalSection
	GlobalSection(ExtensibilityGlobals) = postSolution
		SolutionGuid = {802CA088-AC01-4A74-B2BF-D3090E53AC17}
	EndGlobalSection
EndGlobal
